
Microsoft Visual Studio Solution File, Format Version 12.00
# Visual Studio Version 17
VisualStudioVersion = 17.0.31903.59
MinimumVisualStudioVersion = 10.0.40219.1
Project("{9A19103F-16F7-4668-BE54-9A1E7A4F7556}") = "BqsClinoTag", "BqsClinoTag\BqsClinoTag.csproj", "{517FB432-3E37-452C-8CAC-0CD09F1F55AD}"
EndProject
Global
	GlobalSection(SolutionConfigurationPlatforms) = preSolution
		Debug|Any CPU = Debug|Any CPU
		Release|Any CPU = Release|Any CPU
	EndGlobalSection
	GlobalSection(ProjectConfigurationPlatforms) = postSolution
		{517FB432-3E37-452C-8CAC-0CD09F1F55AD}.Debug|Any CPU.ActiveCfg = Debug|Any CPU
		{517FB432-3E37-452C-8CAC-0CD09F1F55AD}.Debug|Any CPU.Build.0 = Debug|Any CPU
		{517FB432-3E37-452C-8CAC-0CD09F1F55AD}.Release|Any CPU.ActiveCfg = Release|Any CPU
		{517FB432-3E37-452C-8CAC-0CD09F1F55AD}.Release|Any CPU.Build.0 = Release|Any CPU
	EndGlobalSection
	GlobalSection(SolutionProperties) = preSolution
		HideSolutionNode = FALSE
	EndGlobalSection
	GlobalSection(ExtensibilityGlobals) = postSolution
		SolutionGuid = {C941C415-0369-4D5E-BB68-31DFE36DDAEB}
	EndGlobalSection
EndGlobal
